<?xml version="1.0" encoding="utf-8"?>
<Project ToolsVersion="4.0" xmlns="http://schemas.microsoft.com/developer/msbuild/2003">
  <ItemGroup>
    <Filter Include="Source Files">
      <UniqueIdentifier>{4FC737F1-C7A5-4376-A066-2A32D752A2FF}</UniqueIdentifier>
      <Extensions>cpp;c;cc;cxx;c++;cppm;ixx;def;odl;idl;hpj;bat;asm;asmx</Extensions>
    </Filter>
    <Filter Include="Header Files">
      <UniqueIdentifier>{93995380-89BD-4b04-88EB-625FBE52EBFB}</UniqueIdentifier>
      <Extensions>h;hh;hpp;hxx;h++;hm;inl;inc;ipp;xsd</Extensions>
    </Filter>
    <Filter Include="Resource Files">
      <UniqueIdentifier>{67DA6AB6-F800-4c08-8B7A-83BB121AAD01}</UniqueIdentifier>
      <Extensions>rc;ico;cur;bmp;dlg;rc2;rct;bin;rgs;gif;jpg;jpeg;jpe;resx;tiff;tif;png;wav;mfcribbon-ms</Extensions>
    </Filter>
    <Filter Include="Resource Files\Shaders">
      <UniqueIdentifier>{7f665e95-b536-4943-90ba-48641666c908}</UniqueIdentifier>
    </Filter>
    <Filter Include="Resource Files\Materials">
      <UniqueIdentifier>{f27f8f6b-facb-4f8a-af69-e2eaaacc4bab}</UniqueIdentifier>
    </Filter>
    <Filter Include="Resource Files\Scenes">
      <UniqueIdentifier>{8cc5e19d-6783-490f-85ec-f945a3991d93}</UniqueIdentifier>
    </Filter>
    <Filter Include="Resource Files\Shaders\FX">
      <UniqueIdentifier>{ed622031-81d1-472b-ba94-9e03813e7567}</UniqueIdentifier>
    </Filter>
    <Filter Include="Resource Files\Shaders\LIT">
      <UniqueIdentifier>{de001261-b91b-4ebd-8d6a-3c6fa010b5fa}</UniqueIdentifier>
    </Filter>
    <Filter Include="Resource Files\Shaders\UNLIT">
      <UniqueIdentifier>{53fba9c3-a481-48fd-8c5a-f7e7d4bed3e1}</UniqueIdentifier>
    </Filter>
    <Filter Include="Resource Files\Shaders\POST_PROCESS">
      <UniqueIdentifier>{b80979fe-f0f5-46b9-98ba-f569bd790405}</UniqueIdentifier>
    </Filter>
  </ItemGroup>
  <ItemGroup>
    <ClCompile Include="Main.cpp">
      <Filter>Source Files</Filter>
    </ClCompile>
  </ItemGroup>
  <ItemGroup>
    <None Include="..\Build\Assets\Materials\sussy.mtrl">
      <Filter>Resource Files\Materials</Filter>
    </None>
    <None Include="..\Build\Assets\Materials\cow.mtrl">
      <Filter>Resource Files\Materials</Filter>
    </None>
    <None Include="..\Build\Assets\Scenes\basic.scn">
      <Filter>Resource Files\Scenes</Filter>
    </None>
    <None Include="..\Build\Assets\Scenes\basic_lit.scn">
      <Filter>Resource Files\Scenes</Filter>
    </None>
    <None Include="..\Build\Assets\Scenes\assignment.scn">
      <Filter>Resource Files\Scenes</Filter>
    </None>
    <None Include="..\Build\Assets\Materials\ogre.mtrl">
      <Filter>Resource Files\Materials</Filter>
    </None>
    <None Include="..\Build\Assets\Materials\porcelain.mtrl">
      <Filter>Resource Files\Materials</Filter>
    </None>
    <None Include="..\Build\Assets\Scenes\texture.scn">
      <Filter>Resource Files\Scenes</Filter>
    </None>
    <None Include="..\Build\Assets\Materials\multi.mtrl">
      <Filter>Resource Files\Materials</Filter>
    </None>
    <None Include="..\Build\Assets\Shaders\basic.frag">
      <Filter>Resource Files\Shaders</Filter>
    </None>
    <None Include="..\Build\Assets\Shaders\basic.prog">
      <Filter>Resource Files\Shaders</Filter>
    </None>
    <None Include="..\Build\Assets\Shaders\basic.vert">
      <Filter>Resource Files\Shaders</Filter>
    </None>
    <None Include="..\Build\Assets\Shaders\basic_lit.frag">
      <Filter>Resource Files\Shaders</Filter>
    </None>
    <None Include="..\Build\Assets\Shaders\basic_lit.prog">
      <Filter>Resource Files\Shaders</Filter>
    </None>
    <None Include="..\Build\Assets\Shaders\basic_lit.vert">
      <Filter>Resource Files\Shaders</Filter>
    </None>
    <None Include="..\Build\Assets\Shaders\basic_phong.frag">
      <Filter>Resource Files\Shaders</Filter>
    </None>
    <None Include="..\Build\Assets\Shaders\basic_phong.prog">
      <Filter>Resource Files\Shaders</Filter>
    </None>
    <None Include="..\Build\Assets\Shaders\basic_phong.vert">
      <Filter>Resource Files\Shaders</Filter>
    </None>
    <None Include="..\Build\Assets\Materials\unicorn.mtrl">
      <Filter>Resource Files\Materials</Filter>
    </None>
    <None Include="..\Build\Assets\Shaders\LIT\texture.prog">
      <Filter>Resource Files\Shaders\LIT</Filter>
    </None>
    <None Include="..\Build\Assets\Shaders\LIT\texture.vert">
      <Filter>Resource Files\Shaders\LIT</Filter>
    </None>
    <None Include="..\Build\Assets\Shaders\LIT\texture_normal.frag">
      <Filter>Resource Files\Shaders\LIT</Filter>
    </None>
    <None Include="..\Build\Assets\Shaders\LIT\texture_normal.prog">
      <Filter>Resource Files\Shaders\LIT</Filter>
    </None>
    <None Include="..\Build\Assets\Shaders\LIT\texture_normal.vert">
      <Filter>Resource Files\Shaders\LIT</Filter>
    </None>
    <None Include="..\Build\Assets\Shaders\LIT\texture.frag">
      <Filter>Resource Files\Shaders\LIT</Filter>
    </None>
    <None Include="..\Build\Assets\Shaders\UNLIT\color.frag">
      <Filter>Resource Files\Shaders\UNLIT</Filter>
    </None>
    <None Include="..\Build\Assets\Shaders\UNLIT\color.prog">
      <Filter>Resource Files\Shaders\UNLIT</Filter>
    </None>
    <None Include="..\Build\Assets\Shaders\UNLIT\color.vert">
      <Filter>Resource Files\Shaders\UNLIT</Filter>
    </None>
    <None Include="..\Build\Assets\Shaders\UNLIT\texture.frag">
      <Filter>Resource Files\Shaders\UNLIT</Filter>
    </None>
    <None Include="..\Build\Assets\Shaders\UNLIT\texture.prog">
      <Filter>Resource Files\Shaders\UNLIT</Filter>
    </None>
    <None Include="..\Build\Assets\Shaders\UNLIT\texture.vert">
      <Filter>Resource Files\Shaders\UNLIT</Filter>
    </None>
    <None Include="..\Build\Assets\Shaders\FX\toon.frag">
      <Filter>Resource Files\Shaders\FX</Filter>
    </None>
    <None Include="..\Build\Assets\Shaders\FX\toon.prog">
      <Filter>Resource Files\Shaders\FX</Filter>
    </None>
    <None Include="..\Build\Assets\Shaders\FX\toon.vert">
      <Filter>Resource Files\Shaders\FX</Filter>
    </None>
    <None Include="..\Build\Assets\Materials\reflection.mtrl">
      <Filter>Resource Files\Materials</Filter>
    </None>
    <None Include="..\Build\Assets\Materials\refraction.mtrl">
      <Filter>Resource Files\Materials</Filter>
    </None>
    <None Include="..\Build\Assets\Materials\skybox.mtrl">
      <Filter>Resource Files\Materials</Filter>
    </None>
    <None Include="..\Build\Assets\Scenes\cubeMap.scn">
      <Filter>Resource Files\Scenes</Filter>
    </None>
    <None Include="..\Build\Assets\Shaders\FX\reflection.frag">
      <Filter>Resource Files\Shaders\FX</Filter>
    </None>
    <None Include="..\Build\Assets\Shaders\FX\reflection.prog">
      <Filter>Resource Files\Shaders\FX</Filter>
    </None>
    <None Include="..\Build\Assets\Shaders\FX\reflection.vert">
      <Filter>Resource Files\Shaders\FX</Filter>
    </None>
    <None Include="..\Build\Assets\Shaders\FX\refraction.frag">
      <Filter>Resource Files\Shaders\FX</Filter>
    </None>
    <None Include="..\Build\Assets\Shaders\FX\refraction.prog">
      <Filter>Resource Files\Shaders\FX</Filter>
    </None>
    <None Include="..\Build\Assets\Shaders\FX\refraction.vert">
      <Filter>Resource Files\Shaders\FX</Filter>
    </None>
    <None Include="..\Build\Assets\Shaders\FX\skybox.frag">
      <Filter>Resource Files\Shaders\FX</Filter>
    </None>
    <None Include="..\Build\Assets\Shaders\FX\skybox.prog">
      <Filter>Resource Files\Shaders\FX</Filter>
    </None>
    <None Include="..\Build\Assets\Shaders\FX\skybox.vert">
      <Filter>Resource Files\Shaders\FX</Filter>
    </None>
    <None Include="..\Build\Assets\Shaders\FX\reflection_refraction.frag">
      <Filter>Resource Files\Shaders\FX</Filter>
    </None>
    <None Include="..\Build\Assets\Shaders\FX\reflection_refraction.prog">
      <Filter>Resource Files\Shaders\FX</Filter>
    </None>
    <None Include="..\Build\Assets\Shaders\FX\reflection_refraction.vert">
      <Filter>Resource Files\Shaders\FX</Filter>
    </None>
    <None Include="..\Build\Assets\Materials\reflection_refraction.mtrl">
      <Filter>Resource Files\Materials</Filter>
    </None>
    <None Include="..\Build\Assets\Scenes\rtt.scn">
      <Filter>Resource Files\Scenes</Filter>
    </None>
    <None Include="..\Build\Assets\Materials\RTT.mtrl">
      <Filter>Resource Files\Materials</Filter>
    </None>
    <None Include="..\Build\Assets\Shaders\POST_PROCESSING\postprocess.frag">
      <Filter>Resource Files\Shaders\POST_PROCESS</Filter>
    </None>
    <None Include="..\Build\Assets\Shaders\POST_PROCESSING\postprocess.prog">
      <Filter>Resource Files\Shaders\POST_PROCESS</Filter>
    </None>
    <None Include="..\Build\Assets\Shaders\POST_PROCESSING\postprocess.vert">
      <Filter>Resource Files\Shaders\POST_PROCESS</Filter>
    </None>
    <None Include="..\Build\Assets\Materials\postProcess.mtrl">
      <Filter>Resource Files\Materials</Filter>
    </None>
    <None Include="..\Build\Assets\Scenes\postProcess.scn">
      <Filter>Resource Files\Scenes</Filter>
    </None>
  </ItemGroup>
</Project>